
Microsoft Visual Studio Solution File, Format Version 12.00
# Visual Studio Version 17
VisualStudioVersion = 17.4.33110.190
MinimumVisualStudioVersion = 10.0.40219.1
Project("{FAE04EC0-301F-11D3-BF4B-00C04F79EFBC}") = "Pets.API", "Pets.API\Pets.API.csproj", "{16CA6F1E-3CD1-4D6E-9673-9C66FADF6AD9}"
EndProject
Project("{FAE04EC0-301F-11D3-BF4B-00C04F79EFBC}") = "Pets.Models", "Pets.Models\Pets.Models.csproj", "{17AB87D8-2A1E-4BD5-974B-250B18B024B4}"
EndProject
Global
	GlobalSection(SolutionConfigurationPlatforms) = preSolution
		Debug|Any CPU = Debug|Any CPU
		Release|Any CPU = Release|Any CPU
	EndGlobalSection
	GlobalSection(ProjectConfigurationPlatforms) = postSolution
		{16CA6F1E-3CD1-4D6E-9673-9C66FADF6AD9}.Debug|Any CPU.ActiveCfg = Debug|Any CPU
		{16CA6F1E-3CD1-4D6E-9673-9C66FADF6AD9}.Debug|Any CPU.Build.0 = Debug|Any CPU
		{16CA6F1E-3CD1-4D6E-9673-9C66FADF6AD9}.Release|Any CPU.ActiveCfg = Release|Any CPU
		{16CA6F1E-3CD1-4D6E-9673-9C66FADF6AD9}.Release|Any CPU.Build.0 = Release|Any CPU
		{17AB87D8-2A1E-4BD5-974B-250B18B024B4}.Debug|Any CPU.ActiveCfg = Debug|Any CPU
		{17AB87D8-2A1E-4BD5-974B-250B18B024B4}.Debug|Any CPU.Build.0 = Debug|Any CPU
		{17AB87D8-2A1E-4BD5-974B-250B18B024B4}.Release|Any CPU.ActiveCfg = Release|Any CPU
		{17AB87D8-2A1E-4BD5-974B-250B18B024B4}.Release|Any CPU.Build.0 = Release|Any CPU
	EndGlobalSection
	GlobalSection(SolutionProperties) = preSolution
		HideSolutionNode = FALSE
	EndGlobalSection
	GlobalSection(ExtensibilityGlobals) = postSolution
		SolutionGuid = {F5E0E264-7D35-44E7-B694-855D48EB664E}
	EndGlobalSection
EndGlobal
